
Microsoft Visual Studio Solution File, Format Version 12.00
# Visual Studio Version 17
VisualStudioVersion = 17.5.002.0
MinimumVisualStudioVersion = 10.0.40219.1
Project("{9A19103F-16F7-4668-BE54-9A1E7A4F7556}") = "module9challenge", "module9challenge\module9challenge.csproj", "{8ECC886E-9C08-45DC-B7BF-700C3F0C4996}"
EndProject
Global
	GlobalSection(SolutionConfigurationPlatforms) = preSolution
		Debug|Any CPU = Debug|Any CPU
		Release|Any CPU = Release|Any CPU
	EndGlobalSection
	GlobalSection(ProjectConfigurationPlatforms) = postSolution
		{8ECC886E-9C08-45DC-B7BF-700C3F0C4996}.Debug|Any CPU.ActiveCfg = Debug|Any CPU
		{8ECC886E-9C08-45DC-B7BF-700C3F0C4996}.Debug|Any CPU.Build.0 = Debug|Any CPU
		{8ECC886E-9C08-45DC-B7BF-700C3F0C4996}.Release|Any CPU.ActiveCfg = Release|Any CPU
		{8ECC886E-9C08-45DC-B7BF-700C3F0C4996}.Release|Any CPU.Build.0 = Release|Any CPU
	EndGlobalSection
	GlobalSection(SolutionProperties) = preSolution
		HideSolutionNode = FALSE
	EndGlobalSection
	GlobalSection(ExtensibilityGlobals) = postSolution
		SolutionGuid = {9D13704C-9502-49D6-8E4E-0967632D7793}
	EndGlobalSection
EndGlobal
